SITE
  remote: http://community.opscode.com/api/v1
  specs:
    apt (2.4.0)
    bluepill (2.3.1)
      rsyslog (>= 0.0.0)
    build-essential (2.0.4)
    nginx (2.7.4)
      apt (~> 2.2)
      bluepill (~> 2.3)
      build-essential (~> 2.0)
      ohai (~> 2.0)
      runit (~> 1.2)
      yum-epel (~> 0.3)
    ohai (2.0.1)
    rsyslog (1.12.2)
    runit (1.5.10)
      build-essential (>= 0.0.0)
      yum (~> 3.0)
      yum-epel (>= 0.0.0)
    yum (3.2.2)
    yum-epel (0.3.6)
      yum (~> 3.0)

DEPENDENCIES
  nginx (= 2.7.4)
  runit (= 1.5.10)

